
Microsoft Visual Studio Solution File, Format Version 12.00
# Visual Studio Version 17
VisualStudioVersion = 17.9.34622.214
MinimumVisualStudioVersion = 10.0.40219.1
Project("{9A19103F-16F7-4668-BE54-9A1E7A4F7556}") = "BlazorServer", "BlazorServer\BlazorServer.csproj", "{F1193BB7-3095-46C1-9268-E22DC9E33373}"
EndProject
Project("{9A19103F-16F7-4668-BE54-9A1E7A4F7556}") = "BlazorWebAssembly", "BlazorWebAssembly\BlazorWebAssembly.csproj", "{85127B0A-EC74-4A55-AE50-4A90974C707D}"
EndProject
Project("{9A19103F-16F7-4668-BE54-9A1E7A4F7556}") = "TodoApp.Client", "TodoApp.Client\TodoApp.Client.csproj", "{F41019B4-F52D-4467-BFCB-C51DBB55774E}"
EndProject
Project("{9A19103F-16F7-4668-BE54-9A1E7A4F7556}") = "TodoApp.Application", "TodoApp.Application\TodoApp.Application.csproj", "{83363183-A461-4305-9018-26985A6D246C}"
EndProject
Project("{9A19103F-16F7-4668-BE54-9A1E7A4F7556}") = "TodoApp.Domain", "TodoApp.Domain\TodoApp.Domain.csproj", "{DC63F4F4-C7D7-4597-8112-17337DA95E90}"
EndProject
Project("{9A19103F-16F7-4668-BE54-9A1E7A4F7556}") = "TodoApp.Infrastructure", "TodoApp.Infrastructure\TodoApp.Infrastructure.csproj", "{6A830039-B19A-4E92-96CE-F1241A5951EC}"
EndProject
Project("{9A19103F-16F7-4668-BE54-9A1E7A4F7556}") = "TodoApp.Shared", "TodoApp.Shared\TodoApp.Shared.csproj", "{5CE0829E-D3BD-4D7C-A4C5-8C0D282F1A90}"
EndProject
Project("{9A19103F-16F7-4668-BE54-9A1E7A4F7556}") = "TodoApp.WebApi", "TodoApp.WebApi\TodoApp.WebApi.csproj", "{5F7E7CBF-3233-4625-8372-08044A5F3FC2}"
EndProject
Project("{9A19103F-16F7-4668-BE54-9A1E7A4F7556}") = "BlazorWebAppSSR", "BlazorWebAppSSR\BlazorWebAppSSR.csproj", "{686C041D-A4D8-4AD1-8EFB-9FB90086794F}"
EndProject
Project("{9A19103F-16F7-4668-BE54-9A1E7A4F7556}") = "BlazorWebAppServer", "BlazorWebAppServer\BlazorWebAppServer.csproj", "{88B3D724-6CDB-461B-9E8E-970EDEA0F4CD}"
EndProject
Project("{9A19103F-16F7-4668-BE54-9A1E7A4F7556}") = "BlazorWebAppWebAssembly", "BlazorWebAppWebAssembly\BlazorWebAppWebAssembly\BlazorWebAppWebAssembly.csproj", "{9BBB8E33-DF4E-4417-BA54-AF2B790CD898}"
EndProject
Project("{9A19103F-16F7-4668-BE54-9A1E7A4F7556}") = "BlazorWebAppWebAssembly.Client", "BlazorWebAppWebAssembly\BlazorWebAppWebAssembly.Client\BlazorWebAppWebAssembly.Client.csproj", "{6D1D4025-9156-44E0-9A05-8D67C8524F5D}"
EndProject
Project("{9A19103F-16F7-4668-BE54-9A1E7A4F7556}") = "BlazorWebAppAuto", "BlazorWebAppAuto\BlazorWebAppAuto\BlazorWebAppAuto.csproj", "{32412A82-9CC4-472A-8F3B-2C0EEBAB785F}"
EndProject
Project("{9A19103F-16F7-4668-BE54-9A1E7A4F7556}") = "BlazorWebAppAuto.Client", "BlazorWebAppAuto\BlazorWebAppAuto.Client\BlazorWebAppAuto.Client.csproj", "{CE4F5735-310F-4910-9175-FC3902F2A7A0}"
EndProject
Project("{9A19103F-16F7-4668-BE54-9A1E7A4F7556}") = "SimpleShop", "SimpleShop\SimpleShop\SimpleShop.csproj", "{DFD780D6-5EE0-48DC-A61D-143E71B2BE9C}"
EndProject
Project("{9A19103F-16F7-4668-BE54-9A1E7A4F7556}") = "SimpleShop.Client", "SimpleShop\SimpleShop.Client\SimpleShop.Client.csproj", "{2ABE0C97-0DDF-406E-9358-94B8CDA4CB34}"
EndProject
Project("{9A19103F-16F7-4668-BE54-9A1E7A4F7556}") = "SimpleShop.Application", "SimpleShop.Application\SimpleShop.Application.csproj", "{8BD583F5-AA70-496B-95DC-4492FDFCBD77}"
EndProject
Project("{9A19103F-16F7-4668-BE54-9A1E7A4F7556}") = "SimpleShop.Domain", "SimpleShop.Domain\SimpleShop.Domain.csproj", "{9F2F6991-2B09-4248-B091-E4DDA04DC5FE}"
EndProject
Project("{9A19103F-16F7-4668-BE54-9A1E7A4F7556}") = "SimpleShop.Infrastructure", "SimpleShop.Infrastructure\SimpleShop.Infrastructure.csproj", "{97185E06-3DBB-4317-802E-177F2E6622DC}"
EndProject
Project("{9A19103F-16F7-4668-BE54-9A1E7A4F7556}") = "SimpleShop.Shared", "SimpleShop.Shared\SimpleShop.Shared.csproj", "{8CD07CE8-7A6B-4093-998E-73109E496C63}"
EndProject
Project("{9A19103F-16F7-4668-BE54-9A1E7A4F7556}") = "SimpleShop.WebApi", "SimpleShop.WebApi\SimpleShop.WebApi.csproj", "{1F0AEE6A-1587-448F-BEE1-2CEA5E8F81D3}"
EndProject
Project("{FAE04EC0-301F-11D3-BF4B-00C04F79EFBC}") = "BlazorWebAssemblyBootstrap", "BlazorWebAssemblyBootstrap\BlazorWebAssemblyBootstrap.csproj", "{B9B39E06-6C1E-4820-840C-AE03097E4EFA}"
EndProject
Global
	GlobalSection(SolutionConfigurationPlatforms) = preSolution
		Debug|Any CPU = Debug|Any CPU
		Release|Any CPU = Release|Any CPU
	EndGlobalSection
	GlobalSection(ProjectConfigurationPlatforms) = postSolution
		{F1193BB7-3095-46C1-9268-E22DC9E33373}.Debug|Any CPU.ActiveCfg = Debug|Any CPU
		{F1193BB7-3095-46C1-9268-E22DC9E33373}.Debug|Any CPU.Build.0 = Debug|Any CPU
		{F1193BB7-3095-46C1-9268-E22DC9E33373}.Release|Any CPU.ActiveCfg = Release|Any CPU
		{F1193BB7-3095-46C1-9268-E22DC9E33373}.Release|Any CPU.Build.0 = Release|Any CPU
		{85127B0A-EC74-4A55-AE50-4A90974C707D}.Debug|Any CPU.ActiveCfg = Debug|Any CPU
		{85127B0A-EC74-4A55-AE50-4A90974C707D}.Debug|Any CPU.Build.0 = Debug|Any CPU
		{85127B0A-EC74-4A55-AE50-4A90974C707D}.Release|Any CPU.ActiveCfg = Release|Any CPU
		{85127B0A-EC74-4A55-AE50-4A90974C707D}.Release|Any CPU.Build.0 = Release|Any CPU
		{F41019B4-F52D-4467-BFCB-C51DBB55774E}.Debug|Any CPU.ActiveCfg = Debug|Any CPU
		{F41019B4-F52D-4467-BFCB-C51DBB55774E}.Debug|Any CPU.Build.0 = Debug|Any CPU
		{F41019B4-F52D-4467-BFCB-C51DBB55774E}.Release|Any CPU.ActiveCfg = Release|Any CPU
		{F41019B4-F52D-4467-BFCB-C51DBB55774E}.Release|Any CPU.Build.0 = Release|Any CPU
		{83363183-A461-4305-9018-26985A6D246C}.Debug|Any CPU.ActiveCfg = Debug|Any CPU
		{83363183-A461-4305-9018-26985A6D246C}.Debug|Any CPU.Build.0 = Debug|Any CPU
		{83363183-A461-4305-9018-26985A6D246C}.Release|Any CPU.ActiveCfg = Release|Any CPU
		{83363183-A461-4305-9018-26985A6D246C}.Release|Any CPU.Build.0 = Release|Any CPU
		{DC63F4F4-C7D7-4597-8112-17337DA95E90}.Debug|Any CPU.ActiveCfg = Debug|Any CPU
		{DC63F4F4-C7D7-4597-8112-17337DA95E90}.Debug|Any CPU.Build.0 = Debug|Any CPU
		{DC63F4F4-C7D7-4597-8112-17337DA95E90}.Release|Any CPU.ActiveCfg = Release|Any CPU
		{DC63F4F4-C7D7-4597-8112-17337DA95E90}.Release|Any CPU.Build.0 = Release|Any CPU
		{6A830039-B19A-4E92-96CE-F1241A5951EC}.Debug|Any CPU.ActiveCfg = Debug|Any CPU
		{6A830039-B19A-4E92-96CE-F1241A5951EC}.Debug|Any CPU.Build.0 = Debug|Any CPU
		{6A830039-B19A-4E92-96CE-F1241A5951EC}.Release|Any CPU.ActiveCfg = Release|Any CPU
		{6A830039-B19A-4E92-96CE-F1241A5951EC}.Release|Any CPU.Build.0 = Release|Any CPU
		{5CE0829E-D3BD-4D7C-A4C5-8C0D282F1A90}.Debug|Any CPU.ActiveCfg = Debug|Any CPU
		{5CE0829E-D3BD-4D7C-A4C5-8C0D282F1A90}.Debug|Any CPU.Build.0 = Debug|Any CPU
		{5CE0829E-D3BD-4D7C-A4C5-8C0D282F1A90}.Release|Any CPU.ActiveCfg = Release|Any CPU
		{5CE0829E-D3BD-4D7C-A4C5-8C0D282F1A90}.Release|Any CPU.Build.0 = Release|Any CPU
		{5F7E7CBF-3233-4625-8372-08044A5F3FC2}.Debug|Any CPU.ActiveCfg = Debug|Any CPU
		{5F7E7CBF-3233-4625-8372-08044A5F3FC2}.Debug|Any CPU.Build.0 = Debug|Any CPU
		{5F7E7CBF-3233-4625-8372-08044A5F3FC2}.Release|Any CPU.ActiveCfg = Release|Any CPU
		{5F7E7CBF-3233-4625-8372-08044A5F3FC2}.Release|Any CPU.Build.0 = Release|Any CPU
		{686C041D-A4D8-4AD1-8EFB-9FB90086794F}.Debug|Any CPU.ActiveCfg = Debug|Any CPU
		{686C041D-A4D8-4AD1-8EFB-9FB90086794F}.Debug|Any CPU.Build.0 = Debug|Any CPU
		{686C041D-A4D8-4AD1-8EFB-9FB90086794F}.Release|Any CPU.ActiveCfg = Release|Any CPU
		{686C041D-A4D8-4AD1-8EFB-9FB90086794F}.Release|Any CPU.Build.0 = Release|Any CPU
		{88B3D724-6CDB-461B-9E8E-970EDEA0F4CD}.Debug|Any CPU.ActiveCfg = Debug|Any CPU
		{88B3D724-6CDB-461B-9E8E-970EDEA0F4CD}.Debug|Any CPU.Build.0 = Debug|Any CPU
		{88B3D724-6CDB-461B-9E8E-970EDEA0F4CD}.Release|Any CPU.ActiveCfg = Release|Any CPU
		{88B3D724-6CDB-461B-9E8E-970EDEA0F4CD}.Release|Any CPU.Build.0 = Release|Any CPU
		{9BBB8E33-DF4E-4417-BA54-AF2B790CD898}.Debug|Any CPU.ActiveCfg = Debug|Any CPU
		{9BBB8E33-DF4E-4417-BA54-AF2B790CD898}.Debug|Any CPU.Build.0 = Debug|Any CPU
		{9BBB8E33-DF4E-4417-BA54-AF2B790CD898}.Release|Any CPU.ActiveCfg = Release|Any CPU
		{9BBB8E33-DF4E-4417-BA54-AF2B790CD898}.Release|Any CPU.Build.0 = Release|Any CPU
		{6D1D4025-9156-44E0-9A05-8D67C8524F5D}.Debug|Any CPU.ActiveCfg = Debug|Any CPU
		{6D1D4025-9156-44E0-9A05-8D67C8524F5D}.Debug|Any CPU.Build.0 = Debug|Any CPU
		{6D1D4025-9156-44E0-9A05-8D67C8524F5D}.Release|Any CPU.ActiveCfg = Release|Any CPU
		{6D1D4025-9156-44E0-9A05-8D67C8524F5D}.Release|Any CPU.Build.0 = Release|Any CPU
		{32412A82-9CC4-472A-8F3B-2C0EEBAB785F}.Debug|Any CPU.ActiveCfg = Debug|Any CPU
		{32412A82-9CC4-472A-8F3B-2C0EEBAB785F}.Debug|Any CPU.Build.0 = Debug|Any CPU
		{32412A82-9CC4-472A-8F3B-2C0EEBAB785F}.Release|Any CPU.ActiveCfg = Release|Any CPU
		{32412A82-9CC4-472A-8F3B-2C0EEBAB785F}.Release|Any CPU.Build.0 = Release|Any CPU
		{CE4F5735-310F-4910-9175-FC3902F2A7A0}.Debug|Any CPU.ActiveCfg = Debug|Any CPU
		{CE4F5735-310F-4910-9175-FC3902F2A7A0}.Debug|Any CPU.Build.0 = Debug|Any CPU
		{CE4F5735-310F-4910-9175-FC3902F2A7A0}.Release|Any CPU.ActiveCfg = Release|Any CPU
		{CE4F5735-310F-4910-9175-FC3902F2A7A0}.Release|Any CPU.Build.0 = Release|Any CPU
		{DFD780D6-5EE0-48DC-A61D-143E71B2BE9C}.Debug|Any CPU.ActiveCfg = Debug|Any CPU
		{DFD780D6-5EE0-48DC-A61D-143E71B2BE9C}.Debug|Any CPU.Build.0 = Debug|Any CPU
		{DFD780D6-5EE0-48DC-A61D-143E71B2BE9C}.Release|Any CPU.ActiveCfg = Release|Any CPU
		{DFD780D6-5EE0-48DC-A61D-143E71B2BE9C}.Release|Any CPU.Build.0 = Release|Any CPU
		{2ABE0C97-0DDF-406E-9358-94B8CDA4CB34}.Debug|Any CPU.ActiveCfg = Debug|Any CPU
		{2ABE0C97-0DDF-406E-9358-94B8CDA4CB34}.Debug|Any CPU.Build.0 = Debug|Any CPU
		{2ABE0C97-0DDF-406E-9358-94B8CDA4CB34}.Release|Any CPU.ActiveCfg = Release|Any CPU
		{2ABE0C97-0DDF-406E-9358-94B8CDA4CB34}.Release|Any CPU.Build.0 = Release|Any CPU
		{8BD583F5-AA70-496B-95DC-4492FDFCBD77}.Debug|Any CPU.ActiveCfg = Debug|Any CPU
		{8BD583F5-AA70-496B-95DC-4492FDFCBD77}.Debug|Any CPU.Build.0 = Debug|Any CPU
		{8BD583F5-AA70-496B-95DC-4492FDFCBD77}.Release|Any CPU.ActiveCfg = Release|Any CPU
		{8BD583F5-AA70-496B-95DC-4492FDFCBD77}.Release|Any CPU.Build.0 = Release|Any CPU
		{9F2F6991-2B09-4248-B091-E4DDA04DC5FE}.Debug|Any CPU.ActiveCfg = Debug|Any CPU
		{9F2F6991-2B09-4248-B091-E4DDA04DC5FE}.Debug|Any CPU.Build.0 = Debug|Any CPU
		{9F2F6991-2B09-4248-B091-E4DDA04DC5FE}.Release|Any CPU.ActiveCfg = Release|Any CPU
		{9F2F6991-2B09-4248-B091-E4DDA04DC5FE}.Release|Any CPU.Build.0 = Release|Any CPU
		{97185E06-3DBB-4317-802E-177F2E6622DC}.Debug|Any CPU.ActiveCfg = Debug|Any CPU
		{97185E06-3DBB-4317-802E-177F2E6622DC}.Debug|Any CPU.Build.0 = Debug|Any CPU
		{97185E06-3DBB-4317-802E-177F2E6622DC}.Release|Any CPU.ActiveCfg = Release|Any CPU
		{97185E06-3DBB-4317-802E-177F2E6622DC}.Release|Any CPU.Build.0 = Release|Any CPU
		{8CD07CE8-7A6B-4093-998E-73109E496C63}.Debug|Any CPU.ActiveCfg = Debug|Any CPU
		{8CD07CE8-7A6B-4093-998E-73109E496C63}.Debug|Any CPU.Build.0 = Debug|Any CPU
		{8CD07CE8-7A6B-4093-998E-73109E496C63}.Release|Any CPU.ActiveCfg = Release|Any CPU
		{8CD07CE8-7A6B-4093-998E-73109E496C63}.Release|Any CPU.Build.0 = Release|Any CPU
		{1F0AEE6A-1587-448F-BEE1-2CEA5E8F81D3}.Debug|Any CPU.ActiveCfg = Debug|Any CPU
		{1F0AEE6A-1587-448F-BEE1-2CEA5E8F81D3}.Debug|Any CPU.Build.0 = Debug|Any CPU
		{1F0AEE6A-1587-448F-BEE1-2CEA5E8F81D3}.Release|Any CPU.ActiveCfg = Release|Any CPU
		{1F0AEE6A-1587-448F-BEE1-2CEA5E8F81D3}.Release|Any CPU.Build.0 = Release|Any CPU
		{B9B39E06-6C1E-4820-840C-AE03097E4EFA}.Debug|Any CPU.ActiveCfg = Debug|Any CPU
		{B9B39E06-6C1E-4820-840C-AE03097E4EFA}.Debug|Any CPU.Build.0 = Debug|Any CPU
		{B9B39E06-6C1E-4820-840C-AE03097E4EFA}.Release|Any CPU.ActiveCfg = Release|Any CPU
		{B9B39E06-6C1E-4820-840C-AE03097E4EFA}.Release|Any CPU.Build.0 = Release|Any CPU
	EndGlobalSection
	GlobalSection(SolutionProperties) = preSolution
		HideSolutionNode = FALSE
	EndGlobalSection
	GlobalSection(ExtensibilityGlobals) = postSolution
		SolutionGuid = {F1860569-9DF8-46E9-B84B-C6501756A629}
	EndGlobalSection
EndGlobal
